
Microsoft Visual Studio Solution File, Format Version 12.00
# Visual Studio Version 16
VisualStudioVersion = 16.0.29728.190
MinimumVisualStudioVersion = 10.0.40219.1
Project("{FAE04EC0-301F-11D3-BF4B-00C04F79EFBC}") = "CSharpFeaturesFinalCheckpoint", "CSharpFeaturesFinalCheckpoint.csproj", "{84325A9D-9121-4EFE-AE3D-2916371EECF5}"
EndProject
Global
	GlobalSection(SolutionConfigurationPlatforms) = preSolution
		Debug|Any CPU = Debug|Any CPU
		Release|Any CPU = Release|Any CPU
	EndGlobalSection
	GlobalSection(ProjectConfigurationPlatforms) = postSolution
		{84325A9D-9121-4EFE-AE3D-2916371EECF5}.Debug|Any CPU.ActiveCfg = Debug|Any CPU
		{84325A9D-9121-4EFE-AE3D-2916371EECF5}.Debug|Any CPU.Build.0 = Debug|Any CPU
		{84325A9D-9121-4EFE-AE3D-2916371EECF5}.Release|Any CPU.ActiveCfg = Release|Any CPU
		{84325A9D-9121-4EFE-AE3D-2916371EECF5}.Release|Any CPU.Build.0 = Release|Any CPU
	EndGlobalSection
	GlobalSection(SolutionProperties) = preSolution
		HideSolutionNode = FALSE
	EndGlobalSection
	GlobalSection(ExtensibilityGlobals) = postSolution
		SolutionGuid = {4BF198F7-80FA-4510-82DC-420393D816E9}
	EndGlobalSection
EndGlobal
